
Microsoft Visual Studio Solution File, Format Version 12.00
# Visual Studio 14
VisualStudioVersion = 14.0.23107.0
MinimumVisualStudioVersion = 10.0.40219.1
Project("{FAE04EC0-301F-11D3-BF4B-00C04F79EFBC}") = "SportsStore.WebUI", "SportsStore.WebUI\SportsStore.WebUI.csproj", "{BC3AF82C-20F3-4E78-A794-3EE224A51B45}"
EndProject
Project("{FAE04EC0-301F-11D3-BF4B-00C04F79EFBC}") = "SportsStore.UnitTests", "SportsStore.UnitTests\SportsStore.UnitTests.csproj", "{A78005BF-6EE7-4DD0-A406-BA27CBD78725}"
EndProject
Project("{FAE04EC0-301F-11D3-BF4B-00C04F79EFBC}") = "SportsStore.Domain", "SportsStore.Domain\SportsStore.Domain.csproj", "{FB061772-1086-417B-BE0C-843720F41668}"
EndProject
Global
	GlobalSection(SolutionConfigurationPlatforms) = preSolution
		Debug|Any CPU = Debug|Any CPU
		Release|Any CPU = Release|Any CPU
	EndGlobalSection
	GlobalSection(ProjectConfigurationPlatforms) = postSolution
		{BC3AF82C-20F3-4E78-A794-3EE224A51B45}.Debug|Any CPU.ActiveCfg = Debug|Any CPU
		{BC3AF82C-20F3-4E78-A794-3EE224A51B45}.Debug|Any CPU.Build.0 = Debug|Any CPU
		{BC3AF82C-20F3-4E78-A794-3EE224A51B45}.Release|Any CPU.ActiveCfg = Release|Any CPU
		{BC3AF82C-20F3-4E78-A794-3EE224A51B45}.Release|Any CPU.Build.0 = Release|Any CPU
		{A78005BF-6EE7-4DD0-A406-BA27CBD78725}.Debug|Any CPU.ActiveCfg = Debug|Any CPU
		{A78005BF-6EE7-4DD0-A406-BA27CBD78725}.Debug|Any CPU.Build.0 = Debug|Any CPU
		{A78005BF-6EE7-4DD0-A406-BA27CBD78725}.Release|Any CPU.ActiveCfg = Release|Any CPU
		{A78005BF-6EE7-4DD0-A406-BA27CBD78725}.Release|Any CPU.Build.0 = Release|Any CPU
		{FB061772-1086-417B-BE0C-843720F41668}.Debug|Any CPU.ActiveCfg = Debug|Any CPU
		{FB061772-1086-417B-BE0C-843720F41668}.Debug|Any CPU.Build.0 = Debug|Any CPU
		{FB061772-1086-417B-BE0C-843720F41668}.Release|Any CPU.ActiveCfg = Release|Any CPU
		{FB061772-1086-417B-BE0C-843720F41668}.Release|Any CPU.Build.0 = Release|Any CPU
	EndGlobalSection
	GlobalSection(SolutionProperties) = preSolution
		HideSolutionNode = FALSE
	EndGlobalSection
EndGlobal
